
Microsoft Visual Studio Solution File, Format Version 12.00
# Visual Studio Version 16
VisualStudioVersion = 16.0.29418.71
MinimumVisualStudioVersion = 10.0.40219.1
Project("{FAE04EC0-301F-11D3-BF4B-00C04F79EFBC}") = "IronWorkerService", "IronWorkerService\IronWorkerService.csproj", "{511C04AD-FB00-459A-BE79-83E6BDD7089F}"
EndProject
Global
	GlobalSection(SolutionConfigurationPlatforms) = preSolution
		Debug|Any CPU = Debug|Any CPU
		Release|Any CPU = Release|Any CPU
	EndGlobalSection
	GlobalSection(ProjectConfigurationPlatforms) = postSolution
		{511C04AD-FB00-459A-BE79-83E6BDD7089F}.Debug|Any CPU.ActiveCfg = Debug|Any CPU
		{511C04AD-FB00-459A-BE79-83E6BDD7089F}.Debug|Any CPU.Build.0 = Debug|Any CPU
		{511C04AD-FB00-459A-BE79-83E6BDD7089F}.Release|Any CPU.ActiveCfg = Release|Any CPU
		{511C04AD-FB00-459A-BE79-83E6BDD7089F}.Release|Any CPU.Build.0 = Release|Any CPU
	EndGlobalSection
	GlobalSection(SolutionProperties) = preSolution
		HideSolutionNode = FALSE
	EndGlobalSection
	GlobalSection(ExtensibilityGlobals) = postSolution
		SolutionGuid = {CD997FF9-837D-4F59-9C8D-50A1B2424501}
	EndGlobalSection
EndGlobal
